PODS:
  - SWCustomPresentation (0.0.4)
  - SWHostChange (1.0.1):
    - SWCustomPresentation

DEPENDENCIES:
  - SWHostChange (from `./`)

SPEC REPOS:
  https://github.com/CocoaPods/Specs.git:
    - SWCustomPresentation

EXTERNAL SOURCES:
  SWHostChange:
    :path: "./"

SPEC CHECKSUMS:
  SWCustomPresentation: f7fe50b7fa4b6f660b13f26d61285924c4e75668
  SWHostChange: 614b7e2b4055234d505499b2f5ff27c5f3556cb6

PODFILE CHECKSUM: afe66f39b4f84aa2f43a21550218f1d04e4cee7b

COCOAPODS: 1.9.3
